// !$*UTF8*$!
{
	archiveVersion = 1;
	classes = {
	};
	objectVersion = 77;
	objects = {

/* Begin PBXBuildFile section */
		0092628BF5F7407048583811 /* AuthService.swift in Sources */ = {isa = PBXBuildFile; fileRef = BCD0066FA7DE85125E77CF5F /* AuthService.swift */; };
		04EBC54D7100FB2509128AC1 /* CVBoostaWidgetExtension.appex in Embed Foundation Extensions */ = {isa = PBXBuildFile; fileRef = AAC93232D43362218F1D58CA /* CVBoostaWidgetExtension.appex */; settings = {ATTRIBUTES = (RemoveHeadersOnCopy, ); }; };
		061CF42B9A0A3E40173204F2 /* HomeWorkspaceView_iPad.swift in Sources */ = {isa = PBXBuildFile; fileRef = CF43F0E3501A34C986F0A26A /* HomeWorkspaceView_iPad.swift */; };
		070B1EA94D6533906A97638F /* SettingsView.swift in Sources */ = {isa = PBXBuildFile; fileRef = D9E9F8B93F8812D5DC150A93 /* SettingsView.swift */; };
		0C9D1C9F70BD8C4E5315D318 /* SubscriptionService.swift in Sources */ = {isa = PBXBuildFile; fileRef = 7B7F2CABEB6CEEC7B4C54AD8 /* SubscriptionService.swift */; };
		13D40C37D6F48C671FF2723C /* AppEnvironment.swift in Sources */ = {isa = PBXBuildFile; fileRef = 3225480D808117E869EEF922 /* AppEnvironment.swift */; };
		20CCFAA2F6F9D1B8F82780C8 /* LiveActivityManager.swift in Sources */ = {isa = PBXBuildFile; fileRef = 67C90AC1E9BA7AAA44DA936C /* LiveActivityManager.swift */; };
		248A547FF22E32ECEE9BEA6B /* LatestScanReport.swift in Sources */ = {isa = PBXBuildFile; fileRef = 81CE450774353F59B8A313EC /* LatestScanReport.swift */; };
		30E83BA558E33656C4E983B3 /* GlassCard.swift in Sources */ = {isa = PBXBuildFile; fileRef = CEF920A666F9E3794A987511 /* GlassCard.swift */; };
		3F0C480D263F109356543F35 /* ATSService.swift in Sources */ = {isa = PBXBuildFile; fileRef = 89B2CD93E8844AAB384EB734 /* ATSService.swift */; };
		41DCF74B16E1E911A35CDA6E /* ResumeAPIService.swift in Sources */ = {isa = PBXBuildFile; fileRef = 09D77990A523F804A6CA8E67 /* ResumeAPIService.swift */; };
		4876D4EDF81C5F10284E77B8 /* ScanLimitServiceTests.swift in Sources */ = {isa = PBXBuildFile; fileRef = B7DCE2B0E91F4C914AE173C1 /* ScanLimitServiceTests.swift */; };
		52330AB38A5D1268BB375BD0 /* SiriSuggestionService.swift in Sources */ = {isa = PBXBuildFile; fileRef = AF9335E5A9024CA3551C605D /* SiriSuggestionService.swift */; };
		551BA1D43CAEF0F562A1FC3A /* ATSScannerWorkspaceView_iPad.swift in Sources */ = {isa = PBXBuildFile; fileRef = 18871EDEE83B3D1FBCF14E6C /* ATSScannerWorkspaceView_iPad.swift */; };
		570D6D6F9D69430B0F1EB0F7 /* SpacingTokens.swift in Sources */ = {isa = PBXBuildFile; fileRef = 3C7E4C512D498E4C73AB248E /* SpacingTokens.swift */; };
		57AB37BAB32F57C14ECA5773 /* TailoringPreviewView.swift in Sources */ = {isa = PBXBuildFile; fileRef = FDCD7201BEBA420B7D952D38 /* TailoringPreviewView.swift */; };
		5B7BF584111FCB4ACAB82CB0 /* CVBoostaWidgets.swift in Sources */ = {isa = PBXBuildFile; fileRef = 9E4B2E4DC9389C29E5CCC947 /* CVBoostaWidgets.swift */; };
		60C3C6665F7EF5BCA27CE750 /* RegisterView.swift in Sources */ = {isa = PBXBuildFile; fileRef = 31F4CD620C3CB011E8BA72F7 /* RegisterView.swift */; };
		62228BC180A66ED6994EA95E /* iPadWorkspaceView.swift in Sources */ = {isa = PBXBuildFile; fileRef = F1BB165F249CD51F64728635 /* iPadWorkspaceView.swift */; };
		6772B27B7FE37C62E973C811 /* CVBoostaActivityAttributes.swift in Sources */ = {isa = PBXBuildFile; fileRef = C3AEFB9DD06E89CFA436B864 /* CVBoostaActivityAttributes.swift */; };
		69A0F095B017171229EB43CF /* StringValidation.swift in Sources */ = {isa = PBXBuildFile; fileRef = 823A00EBF3019571C8987250 /* StringValidation.swift */; };
		6AC407A631AEEABC16E48A0F /* HapticsService.swift in Sources */ = {isa = PBXBuildFile; fileRef = 7D96A48F58F41FE1D68D9D05 /* HapticsService.swift */; };
		6BAB69BFCD9A74DDFD3E5C6B /* ATSInsight.swift in Sources */ = {isa = PBXBuildFile; fileRef = CCD474CCF739DCCFBE6AB208 /* ATSInsight.swift */; };
		6FE6173FD52B58F2A4339130 /* AnalyticsView.swift in Sources */ = {isa = PBXBuildFile; fileRef = 62E437F91C90E0E2D170222B /* AnalyticsView.swift */; };
		785A1DF6C39B9A8F2064F8F1 /* MotionCurves.swift in Sources */ = {isa = PBXBuildFile; fileRef = 30DAF36D4C63A14331D4A84A /* MotionCurves.swift */; };
		7B6B343CDC1573D0277A6ECD /* MetricPill.swift in Sources */ = {isa = PBXBuildFile; fileRef = 856917246B5DA81EB8281D6B /* MetricPill.swift */; };
		7FFA61A01BC4DE357D15CB4F /* ForgotPasswordView.swift in Sources */ = {isa = PBXBuildFile; fileRef = D331903CBC87E0E4C13F5CB4 /* ForgotPasswordView.swift */; };
		87B51017F8308A9C822616AF /* ScannerViewModel.swift in Sources */ = {isa = PBXBuildFile; fileRef = 6C38EE427CC40866369576E6 /* ScannerViewModel.swift */; };
		8BD44724D7CA963528D58445 /* ATSResultsView.swift in Sources */ = {isa = PBXBuildFile; fileRef = B4EAAE2FB86DDDF0F3433812 /* ATSResultsView.swift */; };
		90885C66013D29315F43AABB /* ApplicationTrackerWorkspaceView_iPad.swift in Sources */ = {isa = PBXBuildFile; fileRef = 8CD204FCF77D50300C7EF080 /* ApplicationTrackerWorkspaceView_iPad.swift */; };
		93AFB232A76015F3F849088F /* APIClient.swift in Sources */ = {isa = PBXBuildFile; fileRef = 5CB155C707CFE3972D2BF9EB /* APIClient.swift */; };
		93AFF08F1B1D4D16487403FA /* CloudSyncService.swift in Sources */ = {isa = PBXBuildFile; fileRef = 953953FABDC008F39700FB1C /* CloudSyncService.swift */; };
		94BEA9C9FC785E7D4512064B /* PaywallView.swift in Sources */ = {isa = PBXBuildFile; fileRef = 634616FF81D1E4EEAF7915B1 /* PaywallView.swift */; };
		9540FA4583EDA360686541E1 /* AppRouter.swift in Sources */ = {isa = PBXBuildFile; fileRef = 14738B86F46E79C7FA758A2C /* AppRouter.swift */; };
		95C4DDF13DD080E97D91F1B2 /* ShareService.swift in Sources */ = {isa = PBXBuildFile; fileRef = 12360C6B9C4C8ACCA46372B1 /* ShareService.swift */; };
		9BB7DBFC762E3F2A1E51A2B2 /* UIComponents.swift in Sources */ = {isa = PBXBuildFile; fileRef = 9B4B305144B079B4D9636A0A /* UIComponents.swift */; };
		9E642E1C589A2FBCA2E9DA2C /* KeychainService.swift in Sources */ = {isa = PBXBuildFile; fileRef = 83162248824F6AA07FC508C4 /* KeychainService.swift */; };
		A152D8430B091E3C91537CE2 /* ColorTokens.swift in Sources */ = {isa = PBXBuildFile; fileRef = 2BBD2033B98C9305C023DCCD /* ColorTokens.swift */; };
		A63E460B480AB97B945CA243 /* GlassMaterials.swift in Sources */ = {isa = PBXBuildFile; fileRef = 0D4BACFB7CEBCC84E10D8E01 /* GlassMaterials.swift */; };
		AB3DAD2C627FED08BEB50360 /* HandoffService.swift in Sources */ = {isa = PBXBuildFile; fileRef = AEE5A1A839FD6DF6A38FCED8 /* HandoffService.swift */; };
		B18C4423D5B8D216864B8B8B /* PushNotificationService.swift in Sources */ = {isa = PBXBuildFile; fileRef = F90143F1854555E4E6C9152F /* PushNotificationService.swift */; };
		B281F85CA144CB2A37ABB7D5 /* CVBoostaAppDelegate.swift in Sources */ = {isa = PBXBuildFile; fileRef = C576D49EE7F3E3CE2C31EA27 /* CVBoostaAppDelegate.swift */; };
		B60657164012C785BBCCA612 /* ATSResponseParsingTests.swift in Sources */ = {isa = PBXBuildFile; fileRef = 3AF76411B4D790EB18DB72BE /* ATSResponseParsingTests.swift */; };
		B8081D06BF9D8CD22DF01C5E /* OnboardingView.swift in Sources */ = {isa = PBXBuildFile; fileRef = 0BA31832DAB32F2F0428FDA6 /* OnboardingView.swift */; };
		B9095B6DA3D10E22D753047D /* JSONValue.swift in Sources */ = {isa = PBXBuildFile; fileRef = EC2A9218B2C8FB4577724DE3 /* JSONValue.swift */; };
		C6724C80800F64DB795246DF /* TypographyTokens.swift in Sources */ = {isa = PBXBuildFile; fileRef = 04F01EA905668C7DAA562A63 /* TypographyTokens.swift */; };
		C8FC740FAFCBBFEEDDA0C3BC /* WelcomeView.swift in Sources */ = {isa = PBXBuildFile; fileRef = 7C6FEAA043E841C4669C6C7E /* WelcomeView.swift */; };
		C9D4D2E2018B77DE5807CCF2 /* CVBoostaLiveActivity.swift in Sources */ = {isa = PBXBuildFile; fileRef = 1461E22841145EB23F015DCE /* CVBoostaLiveActivity.swift */; };
		CC05949D60C7B5621E3F9DF7 /* EntranceAnimator.swift in Sources */ = {isa = PBXBuildFile; fileRef = 44F59D1CC3B0DC908E22D7E5 /* EntranceAnimator.swift */; };
		CCB6241CFBD0F5BEB01B2AA2 /* SpotlightIndexer.swift in Sources */ = {isa = PBXBuildFile; fileRef = 8996014C11088A9C86FE55ED /* SpotlightIndexer.swift */; };
		CCC26FAB0F5B0ECFD4256308 /* AuthenticatedAPIClient.swift in Sources */ = {isa = PBXBuildFile; fileRef = F30C72D79AF7BB19AC4D065B /* AuthenticatedAPIClient.swift */; };
		CD74E13B19CD9BDEF8D38D9E /* HomeView.swift in Sources */ = {isa = PBXBuildFile; fileRef = EC8B4C93C4C81B9941D76D27 /* HomeView.swift */; };
		CFFC982EA13AC3FB9D41C88F /* UserService.swift in Sources */ = {isa = PBXBuildFile; fileRef = DEEE2C3751FEABF09BADBC00 /* UserService.swift */; };
		D008928BACC9FDFCDDFC8358 /* AuthViewModel.swift in Sources */ = {isa = PBXBuildFile; fileRef = B05E24A22597CE21DD408948 /* AuthViewModel.swift */; };
		D0323505236972FF4A1E9685 /* ResumeProfile.swift in Sources */ = {isa = PBXBuildFile; fileRef = 678708556F0848D2FE043D46 /* ResumeProfile.swift */; };
		D2290B91ACA3450054A644A7 /* Assets.xcassets in Resources */ = {isa = PBXBuildFile; fileRef = 54BC9517B088B54807EB0DB3 /* Assets.xcassets */; };
		D39FC53469ED995361DE5BFD /* ApplicationTrackerView.swift in Sources */ = {isa = PBXBuildFile; fileRef = 0EEAD106AFAA3B5F5F3B53CC /* ApplicationTrackerView.swift */; };
		D411FE8E2BEB1DA0D4FFE9B4 /* LoginView.swift in Sources */ = {isa = PBXBuildFile; fileRef = B1E7201C4EE4AEA49B0E2CD3 /* LoginView.swift */; };
		DD7638D5E516B0A68419B367 /* SettingsWorkspaceView_iPad.swift in Sources */ = {isa = PBXBuildFile; fileRef = 1820FD891E24369ACC67E5A7 /* SettingsWorkspaceView_iPad.swift */; };
		DEE2144B0934F4C27DE6BB8F /* SavedTailoringSuggestion.swift in Sources */ = {isa = PBXBuildFile; fileRef = C461E1368094D7C87A817584 /* SavedTailoringSuggestion.swift */; };
		E66156CD9DFD4716286CFC8C /* CVBoostaActivityAttributes.swift in Sources */ = {isa = PBXBuildFile; fileRef = C3AEFB9DD06E89CFA436B864 /* CVBoostaActivityAttributes.swift */; };
		EE59F786DABB29BB6A50C301 /* TailoringWorkspaceView_iPad.swift in Sources */ = {isa = PBXBuildFile; fileRef = 9BB3081B65BD244BECD75FA9 /* TailoringWorkspaceView_iPad.swift */; };
		EEFA7627DCF9D485B2DDF78C /* ScanLimitService.swift in Sources */ = {isa = PBXBuildFile; fileRef = A23540F758E3EDCD837B0B25 /* ScanLimitService.swift */; };
		EFADC7CD05371A29DCD69497 /* ResumeScanModels.swift in Sources */ = {isa = PBXBuildFile; fileRef = C3449DC2B515C5267FB98594 /* ResumeScanModels.swift */; };
		F0B505210B255C42915E4782 /* AuthExperienceComponents.swift in Sources */ = {isa = PBXBuildFile; fileRef = 1FB0485E439E8BE8A7857AD1 /* AuthExperienceComponents.swift */; };
		F0E065A7DB394ADE2BA765BE /* CVBoostaApp.swift in Sources */ = {isa = PBXBuildFile; fileRef = FC241D9E737EE88C410CEEF0 /* CVBoostaApp.swift */; };
		F17A72E0157B1775B30B7B7B /* ApplicationRecord.swift in Sources */ = {isa = PBXBuildFile; fileRef = C1EEF7C2CB15528A282B8E03 /* ApplicationRecord.swift */; };
		F72C26EACFDA572428720F4E /* ATSScannerView.swift in Sources */ = {isa = PBXBuildFile; fileRef = F27F1E6788856182BDFC2EB9 /* ATSScannerView.swift */; };
		FA64AC120EDF6D8B05F7F860 /* ResumeService.swift in Sources */ = {isa = PBXBuildFile; fileRef = 8DC92A83BB7F7127FA9CDA40 /* ResumeService.swift */; };
/* End PBXBuildFile section */

/* Begin PBXContainerItemProxy section */
		099F215F08D0BFF4F9C6EF27 /* PBXContainerItemProxy */ = {
			isa = PBXContainerItemProxy;
			containerPortal = 5AB1307634C2BDF6DCE5A023 /* Project object */;
			proxyType = 1;
			remoteGlobalIDString = 7B99514F0AD346F2B1029996;
			remoteInfo = CVBoostaApp;
		};
		74679C0A6E8C9E53DDFF1063 /* PBXContainerItemProxy */ = {
			isa = PBXContainerItemProxy;
			containerPortal = 5AB1307634C2BDF6DCE5A023 /* Project object */;
			proxyType = 1;
			remoteGlobalIDString = 0943C6844F25629726FD00F9;
			remoteInfo = CVBoostaWidgetExtension;
		};
/* End PBXContainerItemProxy section */

/* Begin PBXCopyFilesBuildPhase section */
		D3AD6F8488F114A9ED5E9EBF /* Embed Foundation Extensions */ = {
			isa = PBXCopyFilesBuildPhase;
			buildActionMask = 2147483647;
			dstPath = "";
			dstSubfolderSpec = 13;
			files = (
				04EBC54D7100FB2509128AC1 /* CVBoostaWidgetExtension.appex in Embed Foundation Extensions */,
			);
			name = "Embed Foundation Extensions";
			runOnlyForDeploymentPostprocessing = 0;
		};
/* End PBXCopyFilesBuildPhase section */

/* Begin PBXFileReference section */
		04F01EA905668C7DAA562A63 /* TypographyTokens.swift */ = {isa = PBXFileReference; lastKnownFileType = sourcecode.swift; path = TypographyTokens.swift; sourceTree = "<group>"; };
		09D77990A523F804A6CA8E67 /* ResumeAPIService.swift */ = {isa = PBXFileReference; lastKnownFileType = sourcecode.swift; path = ResumeAPIService.swift; sourceTree = "<group>"; };
		0BA31832DAB32F2F0428FDA6 /* OnboardingView.swift */ = {isa = PBXFileReference; lastKnownFileType = sourcecode.swift; path = OnboardingView.swift; sourceTree = "<group>"; };
		0D4BACFB7CEBCC84E10D8E01 /* GlassMaterials.swift */ = {isa = PBXFileReference; lastKnownFileType = sourcecode.swift; path = GlassMaterials.swift; sourceTree = "<group>"; };
		0EEAD106AFAA3B5F5F3B53CC /* ApplicationTrackerView.swift */ = {isa = PBXFileReference; lastKnownFileType = sourcecode.swift; path = ApplicationTrackerView.swift; sourceTree = "<group>"; };
		12360C6B9C4C8ACCA46372B1 /* ShareService.swift */ = {isa = PBXFileReference; lastKnownFileType = sourcecode.swift; path = ShareService.swift; sourceTree = "<group>"; };
		1461E22841145EB23F015DCE /* CVBoostaLiveActivity.swift */ = {isa = PBXFileReference; lastKnownFileType = sourcecode.swift; path = CVBoostaLiveActivity.swift; sourceTree = "<group>"; };
		14738B86F46E79C7FA758A2C /* AppRouter.swift */ = {isa = PBXFileReference; lastKnownFileType = sourcecode.swift; path = AppRouter.swift; sourceTree = "<group>"; };
		1820FD891E24369ACC67E5A7 /* SettingsWorkspaceView_iPad.swift */ = {isa = PBXFileReference; lastKnownFileType = sourcecode.swift; path = SettingsWorkspaceView_iPad.swift; sourceTree = "<group>"; };
		18871EDEE83B3D1FBCF14E6C /* ATSScannerWorkspaceView_iPad.swift */ = {isa = PBXFileReference; lastKnownFileType = sourcecode.swift; path = ATSScannerWorkspaceView_iPad.swift; sourceTree = "<group>"; };
		1FB0485E439E8BE8A7857AD1 /* AuthExperienceComponents.swift */ = {isa = PBXFileReference; lastKnownFileType = sourcecode.swift; path = AuthExperienceComponents.swift; sourceTree = "<group>"; };
		2BBD2033B98C9305C023DCCD /* ColorTokens.swift */ = {isa = PBXFileReference; lastKnownFileType = sourcecode.swift; path = ColorTokens.swift; sourceTree = "<group>"; };
		30DAF36D4C63A14331D4A84A /* MotionCurves.swift */ = {isa = PBXFileReference; lastKnownFileType = sourcecode.swift; path = MotionCurves.swift; sourceTree = "<group>"; };
		31F4CD620C3CB011E8BA72F7 /* RegisterView.swift */ = {isa = PBXFileReference; lastKnownFileType = sourcecode.swift; path = RegisterView.swift; sourceTree = "<group>"; };
		3225480D808117E869EEF922 /* AppEnvironment.swift */ = {isa = PBXFileReference; lastKnownFileType = sourcecode.swift; path = AppEnvironment.swift; sourceTree = "<group>"; };
		3AF76411B4D790EB18DB72BE /* ATSResponseParsingTests.swift */ = {isa = PBXFileReference; lastKnownFileType = sourcecode.swift; path = ATSResponseParsingTests.swift; sourceTree = "<group>"; };
		3C7E4C512D498E4C73AB248E /* SpacingTokens.swift */ = {isa = PBXFileReference; lastKnownFileType = sourcecode.swift; path = SpacingTokens.swift; sourceTree = "<group>"; };
		44F59D1CC3B0DC908E22D7E5 /* EntranceAnimator.swift */ = {isa = PBXFileReference; lastKnownFileType = sourcecode.swift; path = EntranceAnimator.swift; sourceTree = "<group>"; };
		51158DDAF6A7A264CDFD7D33 /* Info.plist */ = {isa = PBXFileReference; lastKnownFileType = text.plist; path = Info.plist; sourceTree = "<group>"; };
		54BC9517B088B54807EB0DB3 /* Assets.xcassets */ = {isa = PBXFileReference; lastKnownFileType = folder.assetcatalog; path = Assets.xcassets; sourceTree = "<group>"; };
		5CB155C707CFE3972D2BF9EB /* APIClient.swift */ = {isa = PBXFileReference; lastKnownFileType = sourcecode.swift; path = APIClient.swift; sourceTree = "<group>"; };
		62E437F91C90E0E2D170222B /* AnalyticsView.swift */ = {isa = PBXFileReference; lastKnownFileType = sourcecode.swift; path = AnalyticsView.swift; sourceTree = "<group>"; };
		634616FF81D1E4EEAF7915B1 /* PaywallView.swift */ = {isa = PBXFileReference; lastKnownFileType = sourcecode.swift; path = PaywallView.swift; sourceTree = "<group>"; };
		678708556F0848D2FE043D46 /* ResumeProfile.swift */ = {isa = PBXFileReference; lastKnownFileType = sourcecode.swift; path = ResumeProfile.swift; sourceTree = "<group>"; };
		67C90AC1E9BA7AAA44DA936C /* LiveActivityManager.swift */ = {isa = PBXFileReference; lastKnownFileType = sourcecode.swift; path = LiveActivityManager.swift; sourceTree = "<group>"; };
		6C38EE427CC40866369576E6 /* ScannerViewModel.swift */ = {isa = PBXFileReference; lastKnownFileType = sourcecode.swift; path = ScannerViewModel.swift; sourceTree = "<group>"; };
		7B7F2CABEB6CEEC7B4C54AD8 /* SubscriptionService.swift */ = {isa = PBXFileReference; lastKnownFileType = sourcecode.swift; path = SubscriptionService.swift; sourceTree = "<group>"; };
		7C6FEAA043E841C4669C6C7E /* WelcomeView.swift */ = {isa = PBXFileReference; lastKnownFileType = sourcecode.swift; path = WelcomeView.swift; sourceTree = "<group>"; };
		7D96A48F58F41FE1D68D9D05 /* HapticsService.swift */ = {isa = PBXFileReference; lastKnownFileType = sourcecode.swift; path = HapticsService.swift; sourceTree = "<group>"; };
		80C953578667D3EAF2E686D5 /* CVBoostaApp.app */ = {isa = PBXFileReference; explicitFileType = wrapper.application; includeInIndex = 0; path = CVBoostaApp.app; sourceTree = BUILT_PRODUCTS_DIR; };
		81CE450774353F59B8A313EC /* LatestScanReport.swift */ = {isa = PBXFileReference; lastKnownFileType = sourcecode.swift; path = LatestScanReport.swift; sourceTree = "<group>"; };
		823A00EBF3019571C8987250 /* StringValidation.swift */ = {isa = PBXFileReference; lastKnownFileType = sourcecode.swift; path = StringValidation.swift; sourceTree = "<group>"; };
		83162248824F6AA07FC508C4 /* KeychainService.swift */ = {isa = PBXFileReference; lastKnownFileType = sourcecode.swift; path = KeychainService.swift; sourceTree = "<group>"; };
		84F84DECE7D45DDC893D1B98 /* CVBoostaAppTests.xctest */ = {isa = PBXFileReference; explicitFileType = wrapper.cfbundle; includeInIndex = 0; path = CVBoostaAppTests.xctest; sourceTree = BUILT_PRODUCTS_DIR; };
		856917246B5DA81EB8281D6B /* MetricPill.swift */ = {isa = PBXFileReference; lastKnownFileType = sourcecode.swift; path = MetricPill.swift; sourceTree = "<group>"; };
		8996014C11088A9C86FE55ED /* SpotlightIndexer.swift */ = {isa = PBXFileReference; lastKnownFileType = sourcecode.swift; path = SpotlightIndexer.swift; sourceTree = "<group>"; };
		89B2CD93E8844AAB384EB734 /* ATSService.swift */ = {isa = PBXFileReference; lastKnownFileType = sourcecode.swift; path = ATSService.swift; sourceTree = "<group>"; };
		8CD204FCF77D50300C7EF080 /* ApplicationTrackerWorkspaceView_iPad.swift */ = {isa = PBXFileReference; lastKnownFileType = sourcecode.swift; path = ApplicationTrackerWorkspaceView_iPad.swift; sourceTree = "<group>"; };
		8DC92A83BB7F7127FA9CDA40 /* ResumeService.swift */ = {isa = PBXFileReference; lastKnownFileType = sourcecode.swift; path = ResumeService.swift; sourceTree = "<group>"; };
		953953FABDC008F39700FB1C /* CloudSyncService.swift */ = {isa = PBXFileReference; lastKnownFileType = sourcecode.swift; path = CloudSyncService.swift; sourceTree = "<group>"; };
		9B4B305144B079B4D9636A0A /* UIComponents.swift */ = {isa = PBXFileReference; lastKnownFileType = sourcecode.swift; path = UIComponents.swift; sourceTree = "<group>"; };
		9BB3081B65BD244BECD75FA9 /* TailoringWorkspaceView_iPad.swift */ = {isa = PBXFileReference; lastKnownFileType = sourcecode.swift; path = TailoringWorkspaceView_iPad.swift; sourceTree = "<group>"; };
		9E4B2E4DC9389C29E5CCC947 /* CVBoostaWidgets.swift */ = {isa = PBXFileReference; lastKnownFileType = sourcecode.swift; path = CVBoostaWidgets.swift; sourceTree = "<group>"; };
		A23540F758E3EDCD837B0B25 /* ScanLimitService.swift */ = {isa = PBXFileReference; lastKnownFileType = sourcecode.swift; path = ScanLimitService.swift; sourceTree = "<group>"; };
		AAC93232D43362218F1D58CA /* CVBoostaWidgetExtension.appex */ = {isa = PBXFileReference; explicitFileType = "wrapper.app-extension"; includeInIndex = 0; path = CVBoostaWidgetExtension.appex; sourceTree = BUILT_PRODUCTS_DIR; };
		AEE5A1A839FD6DF6A38FCED8 /* HandoffService.swift */ = {isa = PBXFileReference; lastKnownFileType = sourcecode.swift; path = HandoffService.swift; sourceTree = "<group>"; };
		AF9335E5A9024CA3551C605D /* SiriSuggestionService.swift */ = {isa = PBXFileReference; lastKnownFileType = sourcecode.swift; path = SiriSuggestionService.swift; sourceTree = "<group>"; };
		B05E24A22597CE21DD408948 /* AuthViewModel.swift */ = {isa = PBXFileReference; lastKnownFileType = sourcecode.swift; path = AuthViewModel.swift; sourceTree = "<group>"; };
		B1E7201C4EE4AEA49B0E2CD3 /* LoginView.swift */ = {isa = PBXFileReference; lastKnownFileType = sourcecode.swift; path = LoginView.swift; sourceTree = "<group>"; };
		B4EAAE2FB86DDDF0F3433812 /* ATSResultsView.swift */ = {isa = PBXFileReference; lastKnownFileType = sourcecode.swift; path = ATSResultsView.swift; sourceTree = "<group>"; };
		B7DCE2B0E91F4C914AE173C1 /* ScanLimitServiceTests.swift */ = {isa = PBXFileReference; lastKnownFileType = sourcecode.swift; path = ScanLimitServiceTests.swift; sourceTree = "<group>"; };
		BCD0066FA7DE85125E77CF5F /* AuthService.swift */ = {isa = PBXFileReference; lastKnownFileType = sourcecode.swift; path = AuthService.swift; sourceTree = "<group>"; };
		C1EEF7C2CB15528A282B8E03 /* ApplicationRecord.swift */ = {isa = PBXFileReference; lastKnownFileType = sourcecode.swift; path = ApplicationRecord.swift; sourceTree = "<group>"; };
		C3449DC2B515C5267FB98594 /* ResumeScanModels.swift */ = {isa = PBXFileReference; lastKnownFileType = sourcecode.swift; path = ResumeScanModels.swift; sourceTree = "<group>"; };
		C3AEFB9DD06E89CFA436B864 /* CVBoostaActivityAttributes.swift */ = {isa = PBXFileReference; lastKnownFileType = sourcecode.swift; path = CVBoostaActivityAttributes.swift; sourceTree = "<group>"; };
		C461E1368094D7C87A817584 /* SavedTailoringSuggestion.swift */ = {isa = PBXFileReference; lastKnownFileType = sourcecode.swift; path = SavedTailoringSuggestion.swift; sourceTree = "<group>"; };
		C576D49EE7F3E3CE2C31EA27 /* CVBoostaAppDelegate.swift */ = {isa = PBXFileReference; lastKnownFileType = sourcecode.swift; path = CVBoostaAppDelegate.swift; sourceTree = "<group>"; };
		CCD474CCF739DCCFBE6AB208 /* ATSInsight.swift */ = {isa = PBXFileReference; lastKnownFileType = sourcecode.swift; path = ATSInsight.swift; sourceTree = "<group>"; };
		CEF920A666F9E3794A987511 /* GlassCard.swift */ = {isa = PBXFileReference; lastKnownFileType = sourcecode.swift; path = GlassCard.swift; sourceTree = "<group>"; };
		CF43F0E3501A34C986F0A26A /* HomeWorkspaceView_iPad.swift */ = {isa = PBXFileReference; lastKnownFileType = sourcecode.swift; path = HomeWorkspaceView_iPad.swift; sourceTree = "<group>"; };
		D331903CBC87E0E4C13F5CB4 /* ForgotPasswordView.swift */ = {isa = PBXFileReference; lastKnownFileType = sourcecode.swift; path = ForgotPasswordView.swift; sourceTree = "<group>"; };
		D9E9F8B93F8812D5DC150A93 /* SettingsView.swift */ = {isa = PBXFileReference; lastKnownFileType = sourcecode.swift; path = SettingsView.swift; sourceTree = "<group>"; };
		DEEE2C3751FEABF09BADBC00 /* UserService.swift */ = {isa = PBXFileReference; lastKnownFileType = sourcecode.swift; path = UserService.swift; sourceTree = "<group>"; };
		E3F7E812A5E5E62EF7F0A245 /* Info.plist */ = {isa = PBXFileReference; lastKnownFileType = text.plist; path = Info.plist; sourceTree = "<group>"; };
		EC2A9218B2C8FB4577724DE3 /* JSONValue.swift */ = {isa = PBXFileReference; lastKnownFileType = sourcecode.swift; path = JSONValue.swift; sourceTree = "<group>"; };
		EC8B4C93C4C81B9941D76D27 /* HomeView.swift */ = {isa = PBXFileReference; lastKnownFileType = sourcecode.swift; path = HomeView.swift; sourceTree = "<group>"; };
		F1BB165F249CD51F64728635 /* iPadWorkspaceView.swift */ = {isa = PBXFileReference; lastKnownFileType = sourcecode.swift; path = iPadWorkspaceView.swift; sourceTree = "<group>"; };
		F27F1E6788856182BDFC2EB9 /* ATSScannerView.swift */ = {isa = PBXFileReference; lastKnownFileType = sourcecode.swift; path = ATSScannerView.swift; sourceTree = "<group>"; };
		F30C72D79AF7BB19AC4D065B /* AuthenticatedAPIClient.swift */ = {isa = PBXFileReference; lastKnownFileType = sourcecode.swift; path = AuthenticatedAPIClient.swift; sourceTree = "<group>"; };
		F90143F1854555E4E6C9152F /* PushNotificationService.swift */ = {isa = PBXFileReference; lastKnownFileType = sourcecode.swift; path = PushNotificationService.swift; sourceTree = "<group>"; };
		FC241D9E737EE88C410CEEF0 /* CVBoostaApp.swift */ = {isa = PBXFileReference; lastKnownFileType = sourcecode.swift; path = CVBoostaApp.swift; sourceTree = "<group>"; };
		FDCD7201BEBA420B7D952D38 /* TailoringPreviewView.swift */ = {isa = PBXFileReference; lastKnownFileType = sourcecode.swift; path = TailoringPreviewView.swift; sourceTree = "<group>"; };
/* End PBXFileReference section */

/* Begin PBXGroup section */
		1D664BF9018F13872A1AB487 /* Auth */ = {
			isa = PBXGroup;
			children = (
				1FB0485E439E8BE8A7857AD1 /* AuthExperienceComponents.swift */,
				D331903CBC87E0E4C13F5CB4 /* ForgotPasswordView.swift */,
				B1E7201C4EE4AEA49B0E2CD3 /* LoginView.swift */,
				31F4CD620C3CB011E8BA72F7 /* RegisterView.swift */,
				7C6FEAA043E841C4669C6C7E /* WelcomeView.swift */,
			);
			path = Auth;
			sourceTree = "<group>";
		};
		26C9219CDED0ED9F72271016 /* Models */ = {
			isa = PBXGroup;
			children = (
				C3449DC2B515C5267FB98594 /* ResumeScanModels.swift */,
			);
			path = Models;
			sourceTree = "<group>";
		};
		284136109560B683BFC21356 /* CVBoostaAppTests */ = {
			isa = PBXGroup;
			children = (
				3AF76411B4D790EB18DB72BE /* ATSResponseParsingTests.swift */,
				B7DCE2B0E91F4C914AE173C1 /* ScanLimitServiceTests.swift */,
			);
			path = CVBoostaAppTests;
			sourceTree = "<group>";
		};
		2EFC200B24BF17960B7FB553 /* CVBoostaWidgetExtension */ = {
			isa = PBXGroup;
			children = (
				1461E22841145EB23F015DCE /* CVBoostaLiveActivity.swift */,
				9E4B2E4DC9389C29E5CCC947 /* CVBoostaWidgets.swift */,
				51158DDAF6A7A264CDFD7D33 /* Info.plist */,
			);
			path = CVBoostaWidgetExtension;
			sourceTree = "<group>";
		};
		4B436D163DEB02E0F0B26130 /* DesignSystem */ = {
			isa = PBXGroup;
			children = (
				2BBD2033B98C9305C023DCCD /* ColorTokens.swift */,
				0D4BACFB7CEBCC84E10D8E01 /* GlassMaterials.swift */,
				3C7E4C512D498E4C73AB248E /* SpacingTokens.swift */,
				04F01EA905668C7DAA562A63 /* TypographyTokens.swift */,
				C5D518A3F6A98C5A651FD3D2 /* Components */,
			);
			path = DesignSystem;
			sourceTree = "<group>";
		};
		555594A2C03812078F74A947 /* App */ = {
			isa = PBXGroup;
			children = (
				FC241D9E737EE88C410CEEF0 /* CVBoostaApp.swift */,
				C576D49EE7F3E3CE2C31EA27 /* CVBoostaAppDelegate.swift */,
				F1BB165F249CD51F64728635 /* iPadWorkspaceView.swift */,
			);
			path = App;
			sourceTree = "<group>";
		};
		558456B6A65E42447C624F07 /* Products */ = {
			isa = PBXGroup;
			children = (
				80C953578667D3EAF2E686D5 /* CVBoostaApp.app */,
				84F84DECE7D45DDC893D1B98 /* CVBoostaAppTests.xctest */,
				AAC93232D43362218F1D58CA /* CVBoostaWidgetExtension.appex */,
			);
			name = Products;
			sourceTree = "<group>";
		};
		5CC62BEF49E5DA161487673C /* Scanner */ = {
			isa = PBXGroup;
			children = (
				B4EAAE2FB86DDDF0F3433812 /* ATSResultsView.swift */,
				F27F1E6788856182BDFC2EB9 /* ATSScannerView.swift */,
				18871EDEE83B3D1FBCF14E6C /* ATSScannerWorkspaceView_iPad.swift */,
				6C38EE427CC40866369576E6 /* ScannerViewModel.swift */,
				26C9219CDED0ED9F72271016 /* Models */,
			);
			path = Scanner;
			sourceTree = "<group>";
		};
		61DC0C7F1D99E4D0E842C137 /* Core */ = {
			isa = PBXGroup;
			children = (
				C1CEDC913A175548313E3063 /* Architecture */,
				D0BD692FAFA4EBC39F21FFEF /* Configuration */,
				4B436D163DEB02E0F0B26130 /* DesignSystem */,
				7EA3D7951540769904AF94A3 /* Models */,
				F1E219558E56943FF8BD183A /* Motion */,
				8B21BD51F71FCB44CC145BD8 /* Services */,
			);
			path = Core;
			sourceTree = "<group>";
		};
		7D9A5E19B91F0D6B6098C02E /* Settings */ = {
			isa = PBXGroup;
			children = (
				634616FF81D1E4EEAF7915B1 /* PaywallView.swift */,
				D9E9F8B93F8812D5DC150A93 /* SettingsView.swift */,
				1820FD891E24369ACC67E5A7 /* SettingsWorkspaceView_iPad.swift */,
			);
			path = Settings;
			sourceTree = "<group>";
		};
		7EA3D7951540769904AF94A3 /* Models */ = {
			isa = PBXGroup;
			children = (
				C1EEF7C2CB15528A282B8E03 /* ApplicationRecord.swift */,
				CCD474CCF739DCCFBE6AB208 /* ATSInsight.swift */,
				C3AEFB9DD06E89CFA436B864 /* CVBoostaActivityAttributes.swift */,
				81CE450774353F59B8A313EC /* LatestScanReport.swift */,
				678708556F0848D2FE043D46 /* ResumeProfile.swift */,
				C461E1368094D7C87A817584 /* SavedTailoringSuggestion.swift */,
			);
			path = Models;
			sourceTree = "<group>";
		};
		7EFF6C801790294A4561A24C /* Analytics */ = {
			isa = PBXGroup;
			children = (
				62E437F91C90E0E2D170222B /* AnalyticsView.swift */,
			);
			path = Analytics;
			sourceTree = "<group>";
		};
		82A02AEE3F9CC59BB1C1BC86 /* Onboarding */ = {
			isa = PBXGroup;
			children = (
				0BA31832DAB32F2F0428FDA6 /* OnboardingView.swift */,
			);
			path = Onboarding;
			sourceTree = "<group>";
		};
		868A44528D3944AC2B59A302 /* Home */ = {
			isa = PBXGroup;
			children = (
				EC8B4C93C4C81B9941D76D27 /* HomeView.swift */,
				CF43F0E3501A34C986F0A26A /* HomeWorkspaceView_iPad.swift */,
			);
			path = Home;
			sourceTree = "<group>";
		};
		8B21BD51F71FCB44CC145BD8 /* Services */ = {
			isa = PBXGroup;
			children = (
				5CB155C707CFE3972D2BF9EB /* APIClient.swift */,
				89B2CD93E8844AAB384EB734 /* ATSService.swift */,
				F30C72D79AF7BB19AC4D065B /* AuthenticatedAPIClient.swift */,
				BCD0066FA7DE85125E77CF5F /* AuthService.swift */,
				B05E24A22597CE21DD408948 /* AuthViewModel.swift */,
				953953FABDC008F39700FB1C /* CloudSyncService.swift */,
				AEE5A1A839FD6DF6A38FCED8 /* HandoffService.swift */,
				7D96A48F58F41FE1D68D9D05 /* HapticsService.swift */,
				EC2A9218B2C8FB4577724DE3 /* JSONValue.swift */,
				83162248824F6AA07FC508C4 /* KeychainService.swift */,
				67C90AC1E9BA7AAA44DA936C /* LiveActivityManager.swift */,
				F90143F1854555E4E6C9152F /* PushNotificationService.swift */,
				09D77990A523F804A6CA8E67 /* ResumeAPIService.swift */,
				8DC92A83BB7F7127FA9CDA40 /* ResumeService.swift */,
				A23540F758E3EDCD837B0B25 /* ScanLimitService.swift */,
				12360C6B9C4C8ACCA46372B1 /* ShareService.swift */,
				AF9335E5A9024CA3551C605D /* SiriSuggestionService.swift */,
				8996014C11088A9C86FE55ED /* SpotlightIndexer.swift */,
				823A00EBF3019571C8987250 /* StringValidation.swift */,
				7B7F2CABEB6CEEC7B4C54AD8 /* SubscriptionService.swift */,
				DEEE2C3751FEABF09BADBC00 /* UserService.swift */,
			);
			path = Services;
			sourceTree = "<group>";
		};
		9AC32E946BB8C76B202AD7A8 /* Features */ = {
			isa = PBXGroup;
			children = (
				7EFF6C801790294A4561A24C /* Analytics */,
				1D664BF9018F13872A1AB487 /* Auth */,
				868A44528D3944AC2B59A302 /* Home */,
				82A02AEE3F9CC59BB1C1BC86 /* Onboarding */,
				5CC62BEF49E5DA161487673C /* Scanner */,
				7D9A5E19B91F0D6B6098C02E /* Settings */,
				FBE759B6FA9CA884AC6301E3 /* Tailoring */,
				D1FA4CCEAEBD04A2DFBABE30 /* Tracker */,
			);
			path = Features;
			sourceTree = "<group>";
		};
		C1CEDC913A175548313E3063 /* Architecture */ = {
			isa = PBXGroup;
			children = (
				14738B86F46E79C7FA758A2C /* AppRouter.swift */,
			);
			path = Architecture;
			sourceTree = "<group>";
		};
		C52BCB0869344EBB713259ED = {
			isa = PBXGroup;
			children = (
				F50F72BA059EE60A8BEDC88B /* CVBoostaApp */,
				284136109560B683BFC21356 /* CVBoostaAppTests */,
				2EFC200B24BF17960B7FB553 /* CVBoostaWidgetExtension */,
				558456B6A65E42447C624F07 /* Products */,
			);
			sourceTree = "<group>";
		};
		C5D518A3F6A98C5A651FD3D2 /* Components */ = {
			isa = PBXGroup;
			children = (
				CEF920A666F9E3794A987511 /* GlassCard.swift */,
				856917246B5DA81EB8281D6B /* MetricPill.swift */,
				9B4B305144B079B4D9636A0A /* UIComponents.swift */,
			);
			path = Components;
			sourceTree = "<group>";
		};
		D0BD692FAFA4EBC39F21FFEF /* Configuration */ = {
			isa = PBXGroup;
			children = (
				3225480D808117E869EEF922 /* AppEnvironment.swift */,
			);
			path = Configuration;
			sourceTree = "<group>";
		};
		D1FA4CCEAEBD04A2DFBABE30 /* Tracker */ = {
			isa = PBXGroup;
			children = (
				0EEAD106AFAA3B5F5F3B53CC /* ApplicationTrackerView.swift */,
				8CD204FCF77D50300C7EF080 /* ApplicationTrackerWorkspaceView_iPad.swift */,
			);
			path = Tracker;
			sourceTree = "<group>";
		};
		F1E219558E56943FF8BD183A /* Motion */ = {
			isa = PBXGroup;
			children = (
				44F59D1CC3B0DC908E22D7E5 /* EntranceAnimator.swift */,
				30DAF36D4C63A14331D4A84A /* MotionCurves.swift */,
			);
			path = Motion;
			sourceTree = "<group>";
		};
		F50F72BA059EE60A8BEDC88B /* CVBoostaApp */ = {
			isa = PBXGroup;
			children = (
				54BC9517B088B54807EB0DB3 /* Assets.xcassets */,
				E3F7E812A5E5E62EF7F0A245 /* Info.plist */,
				555594A2C03812078F74A947 /* App */,
				61DC0C7F1D99E4D0E842C137 /* Core */,
				9AC32E946BB8C76B202AD7A8 /* Features */,
			);
			path = CVBoostaApp;
			sourceTree = "<group>";
		};
		FBE759B6FA9CA884AC6301E3 /* Tailoring */ = {
			isa = PBXGroup;
			children = (
				FDCD7201BEBA420B7D952D38 /* TailoringPreviewView.swift */,
				9BB3081B65BD244BECD75FA9 /* TailoringWorkspaceView_iPad.swift */,
			);
			path = Tailoring;
			sourceTree = "<group>";
		};
/* End PBXGroup section */

/* Begin PBXNativeTarget section */
		0943C6844F25629726FD00F9 /* CVBoostaWidgetExtension */ = {
			isa = PBXNativeTarget;
			buildConfigurationList = C990C7F7193E64807211D2AF /* Build configuration list for PBXNativeTarget "CVBoostaWidgetExtension" */;
			buildPhases = (
				6BDFC3B2664EA67111D8784C /* Sources */,
			);
			buildRules = (
			);
			dependencies = (
			);
			name = CVBoostaWidgetExtension;
			packageProductDependencies = (
			);
			productName = CVBoostaWidgetExtension;
			productReference = AAC93232D43362218F1D58CA /* CVBoostaWidgetExtension.appex */;
			productType = "com.apple.product-type.app-extension";
		};
		7B99514F0AD346F2B1029996 /* CVBoostaApp */ = {
			isa = PBXNativeTarget;
			buildConfigurationList = 1CEC77C3A108597F0E85AD4A /* Build configuration list for PBXNativeTarget "CVBoostaApp" */;
			buildPhases = (
				27C97A0245867013184E46C2 /* Sources */,
				C418B359360F0D66738D6628 /* Resources */,
				D3AD6F8488F114A9ED5E9EBF /* Embed Foundation Extensions */,
			);
			buildRules = (
			);
			dependencies = (
				B2D33B7F8D1FF4109E42AA5D /* PBXTargetDependency */,
			);
			name = CVBoostaApp;
			packageProductDependencies = (
			);
			productName = CVBoostaApp;
			productReference = 80C953578667D3EAF2E686D5 /* CVBoostaApp.app */;
			productType = "com.apple.product-type.application";
		};
		876849D1B625B7D4CE01AB06 /* CVBoostaAppTests */ = {
			isa = PBXNativeTarget;
			buildConfigurationList = 1A69F092BC9E0B1E91643435 /* Build configuration list for PBXNativeTarget "CVBoostaAppTests" */;
			buildPhases = (
				43BD0E9371C782D64DFE16EA /* Sources */,
			);
			buildRules = (
			);
			dependencies = (
				D5F084E0593CA72CE1B5F90B /* PBXTargetDependency */,
			);
			name = CVBoostaAppTests;
			packageProductDependencies = (
			);
			productName = CVBoostaAppTests;
			productReference = 84F84DECE7D45DDC893D1B98 /* CVBoostaAppTests.xctest */;
			productType = "com.apple.product-type.bundle.unit-test";
		};
/* End PBXNativeTarget section */

/* Begin PBXProject section */
		5AB1307634C2BDF6DCE5A023 /* Project object */ = {
			isa = PBXProject;
			attributes = {
				BuildIndependentTargetsInParallel = YES;
				LastUpgradeCheck = 1430;
				TargetAttributes = {
					0943C6844F25629726FD00F9 = {
						ProvisioningStyle = Automatic;
					};
					7B99514F0AD346F2B1029996 = {
						ProvisioningStyle = Automatic;
					};
					876849D1B625B7D4CE01AB06 = {
						ProvisioningStyle = Automatic;
					};
				};
			};
			buildConfigurationList = 377E260704EB293CBD0D2F43 /* Build configuration list for PBXProject "CVBoosta" */;
			developmentRegion = en;
			hasScannedForEncodings = 0;
			knownRegions = (
				Base,
				en,
			);
			mainGroup = C52BCB0869344EBB713259ED;
			minimizedProjectReferenceProxies = 1;
			preferredProjectObjectVersion = 77;
			productRefGroup = 558456B6A65E42447C624F07 /* Products */;
			projectDirPath = "";
			projectRoot = "";
			targets = (
				7B99514F0AD346F2B1029996 /* CVBoostaApp */,
				876849D1B625B7D4CE01AB06 /* CVBoostaAppTests */,
				0943C6844F25629726FD00F9 /* CVBoostaWidgetExtension */,
			);
		};
/* End PBXProject section */

/* Begin PBXResourcesBuildPhase section */
		C418B359360F0D66738D6628 /* Resources */ = {
			isa = PBXResourcesBuildPhase;
			buildActionMask = 2147483647;
			files = (
				D2290B91ACA3450054A644A7 /* Assets.xcassets in Resources */,
			);
			runOnlyForDeploymentPostprocessing = 0;
		};
/* End PBXResourcesBuildPhase section */

/* Begin PBXSourcesBuildPhase section */
		27C97A0245867013184E46C2 /* Sources */ = {
			isa = PBXSourcesBuildPhase;
			buildActionMask = 2147483647;
			files = (
				93AFB232A76015F3F849088F /* APIClient.swift in Sources */,
				6BAB69BFCD9A74DDFD3E5C6B /* ATSInsight.swift in Sources */,
				8BD44724D7CA963528D58445 /* ATSResultsView.swift in Sources */,
				F72C26EACFDA572428720F4E /* ATSScannerView.swift in Sources */,
				551BA1D43CAEF0F562A1FC3A /* ATSScannerWorkspaceView_iPad.swift in Sources */,
				3F0C480D263F109356543F35 /* ATSService.swift in Sources */,
				6FE6173FD52B58F2A4339130 /* AnalyticsView.swift in Sources */,
				13D40C37D6F48C671FF2723C /* AppEnvironment.swift in Sources */,
				9540FA4583EDA360686541E1 /* AppRouter.swift in Sources */,
				F17A72E0157B1775B30B7B7B /* ApplicationRecord.swift in Sources */,
				D39FC53469ED995361DE5BFD /* ApplicationTrackerView.swift in Sources */,
				90885C66013D29315F43AABB /* ApplicationTrackerWorkspaceView_iPad.swift in Sources */,
				F0B505210B255C42915E4782 /* AuthExperienceComponents.swift in Sources */,
				0092628BF5F7407048583811 /* AuthService.swift in Sources */,
				D008928BACC9FDFCDDFC8358 /* AuthViewModel.swift in Sources */,
				CCC26FAB0F5B0ECFD4256308 /* AuthenticatedAPIClient.swift in Sources */,
				E66156CD9DFD4716286CFC8C /* CVBoostaActivityAttributes.swift in Sources */,
				F0E065A7DB394ADE2BA765BE /* CVBoostaApp.swift in Sources */,
				B281F85CA144CB2A37ABB7D5 /* CVBoostaAppDelegate.swift in Sources */,
				93AFF08F1B1D4D16487403FA /* CloudSyncService.swift in Sources */,
				A152D8430B091E3C91537CE2 /* ColorTokens.swift in Sources */,
				CC05949D60C7B5621E3F9DF7 /* EntranceAnimator.swift in Sources */,
				7FFA61A01BC4DE357D15CB4F /* ForgotPasswordView.swift in Sources */,
				30E83BA558E33656C4E983B3 /* GlassCard.swift in Sources */,
				A63E460B480AB97B945CA243 /* GlassMaterials.swift in Sources */,
				AB3DAD2C627FED08BEB50360 /* HandoffService.swift in Sources */,
				6AC407A631AEEABC16E48A0F /* HapticsService.swift in Sources */,
				CD74E13B19CD9BDEF8D38D9E /* HomeView.swift in Sources */,
				061CF42B9A0A3E40173204F2 /* HomeWorkspaceView_iPad.swift in Sources */,
				B9095B6DA3D10E22D753047D /* JSONValue.swift in Sources */,
				9E642E1C589A2FBCA2E9DA2C /* KeychainService.swift in Sources */,
				248A547FF22E32ECEE9BEA6B /* LatestScanReport.swift in Sources */,
				20CCFAA2F6F9D1B8F82780C8 /* LiveActivityManager.swift in Sources */,
				D411FE8E2BEB1DA0D4FFE9B4 /* LoginView.swift in Sources */,
				7B6B343CDC1573D0277A6ECD /* MetricPill.swift in Sources */,
				785A1DF6C39B9A8F2064F8F1 /* MotionCurves.swift in Sources */,
				B8081D06BF9D8CD22DF01C5E /* OnboardingView.swift in Sources */,
				94BEA9C9FC785E7D4512064B /* PaywallView.swift in Sources */,
				B18C4423D5B8D216864B8B8B /* PushNotificationService.swift in Sources */,
				60C3C6665F7EF5BCA27CE750 /* RegisterView.swift in Sources */,
				41DCF74B16E1E911A35CDA6E /* ResumeAPIService.swift in Sources */,
				D0323505236972FF4A1E9685 /* ResumeProfile.swift in Sources */,
				EFADC7CD05371A29DCD69497 /* ResumeScanModels.swift in Sources */,
				FA64AC120EDF6D8B05F7F860 /* ResumeService.swift in Sources */,
				DEE2144B0934F4C27DE6BB8F /* SavedTailoringSuggestion.swift in Sources */,
				EEFA7627DCF9D485B2DDF78C /* ScanLimitService.swift in Sources */,
				87B51017F8308A9C822616AF /* ScannerViewModel.swift in Sources */,
				070B1EA94D6533906A97638F /* SettingsView.swift in Sources */,
				DD7638D5E516B0A68419B367 /* SettingsWorkspaceView_iPad.swift in Sources */,
				95C4DDF13DD080E97D91F1B2 /* ShareService.swift in Sources */,
				52330AB38A5D1268BB375BD0 /* SiriSuggestionService.swift in Sources */,
				570D6D6F9D69430B0F1EB0F7 /* SpacingTokens.swift in Sources */,
				CCB6241CFBD0F5BEB01B2AA2 /* SpotlightIndexer.swift in Sources */,
				69A0F095B017171229EB43CF /* StringValidation.swift in Sources */,
				0C9D1C9F70BD8C4E5315D318 /* SubscriptionService.swift in Sources */,
				57AB37BAB32F57C14ECA5773 /* TailoringPreviewView.swift in Sources */,
				EE59F786DABB29BB6A50C301 /* TailoringWorkspaceView_iPad.swift in Sources */,
				C6724C80800F64DB795246DF /* TypographyTokens.swift in Sources */,
				9BB7DBFC762E3F2A1E51A2B2 /* UIComponents.swift in Sources */,
				CFFC982EA13AC3FB9D41C88F /* UserService.swift in Sources */,
				C8FC740FAFCBBFEEDDA0C3BC /* WelcomeView.swift in Sources */,
				62228BC180A66ED6994EA95E /* iPadWorkspaceView.swift in Sources */,
			);
			runOnlyForDeploymentPostprocessing = 0;
		};
		43BD0E9371C782D64DFE16EA /* Sources */ = {
			isa = PBXSourcesBuildPhase;
			buildActionMask = 2147483647;
			files = (
				B60657164012C785BBCCA612 /* ATSResponseParsingTests.swift in Sources */,
				4876D4EDF81C5F10284E77B8 /* ScanLimitServiceTests.swift in Sources */,
			);
			runOnlyForDeploymentPostprocessing = 0;
		};
		6BDFC3B2664EA67111D8784C /* Sources */ = {
			isa = PBXSourcesBuildPhase;
			buildActionMask = 2147483647;
			files = (
				6772B27B7FE37C62E973C811 /* CVBoostaActivityAttributes.swift in Sources */,
				C9D4D2E2018B77DE5807CCF2 /* CVBoostaLiveActivity.swift in Sources */,
				5B7BF584111FCB4ACAB82CB0 /* CVBoostaWidgets.swift in Sources */,
			);
			runOnlyForDeploymentPostprocessing = 0;
		};
/* End PBXSourcesBuildPhase section */

/* Begin PBXTargetDependency section */
		B2D33B7F8D1FF4109E42AA5D /* PBXTargetDependency */ = {
			isa = PBXTargetDependency;
			target = 0943C6844F25629726FD00F9 /* CVBoostaWidgetExtension */;
			targetProxy = 74679C0A6E8C9E53DDFF1063 /* PBXContainerItemProxy */;
		};
		D5F084E0593CA72CE1B5F90B /* PBXTargetDependency */ = {
			isa = PBXTargetDependency;
			target = 7B99514F0AD346F2B1029996 /* CVBoostaApp */;
			targetProxy = 099F215F08D0BFF4F9C6EF27 /* PBXContainerItemProxy */;
		};
/* End PBXTargetDependency section */

/* Begin XCBuildConfiguration section */
		1A458E2561D7610A5679DFB7 /* Debug */ = {
			isa = XCBuildConfiguration;
			buildSettings = {
				ALWAYS_SEARCH_USER_PATHS = NO;
				CLANG_ANALYZER_NONNULL = YES;
				CLANG_ANALYZER_NUMBER_OBJECT_CONVERSION = YES_AGGRESSIVE;
				CLANG_CXX_LANGUAGE_STANDARD = "gnu++14";
				CLANG_CXX_LIBRARY = "libc++";
				CLANG_ENABLE_MODULES = YES;
				CLANG_ENABLE_OBJC_ARC = YES;
				CLANG_ENABLE_OBJC_WEAK = YES;
				CLANG_WARN_BLOCK_CAPTURE_AUTORELEASING = YES;
				CLANG_WARN_BOOL_CONVERSION = YES;
				CLANG_WARN_COMMA = YES;
				CLANG_WARN_CONSTANT_CONVERSION = YES;
				CLANG_WARN_DEPRECATED_OBJC_IMPLEMENTATIONS = YES;
				CLANG_WARN_DIRECT_OBJC_ISA_USAGE = YES_ERROR;
				CLANG_WARN_DOCUMENTATION_COMMENTS = YES;
				CLANG_WARN_EMPTY_BODY = YES;
				CLANG_WARN_ENUM_CONVERSION = YES;
				CLANG_WARN_INFINITE_RECURSION = YES;
				CLANG_WARN_INT_CONVERSION = YES;
				CLANG_WARN_NON_LITERAL_NULL_CONVERSION = YES;
				CLANG_WARN_OBJC_IMPLICIT_RETAIN_SELF = YES;
				CLANG_WARN_OBJC_LITERAL_CONVERSION = YES;
				CLANG_WARN_OBJC_ROOT_CLASS = YES_ERROR;
				CLANG_WARN_QUOTED_INCLUDE_IN_FRAMEWORK_HEADER = YES;
				CLANG_WARN_RANGE_LOOP_ANALYSIS = YES;
				CLANG_WARN_STRICT_PROTOTYPES = YES;
				CLANG_WARN_SUSPICIOUS_MOVE = YES;
				CLANG_WARN_UNGUARDED_AVAILABILITY = YES_AGGRESSIVE;
				CLANG_WARN_UNREACHABLE_CODE = YES;
				CLANG_WARN__DUPLICATE_METHOD_MATCH = YES;
				COPY_PHASE_STRIP = NO;
				DEBUG_INFORMATION_FORMAT = dwarf;
				ENABLE_STRICT_OBJC_MSGSEND = YES;
				ENABLE_TESTABILITY = YES;
				GCC_C_LANGUAGE_STANDARD = gnu11;
				GCC_DYNAMIC_NO_PIC = NO;
				GCC_NO_COMMON_BLOCKS = YES;
				GCC_OPTIMIZATION_LEVEL = 0;
				GCC_PREPROCESSOR_DEFINITIONS = (
					"$(inherited)",
					"DEBUG=1",
				);
				GCC_WARN_64_TO_32_BIT_CONVERSION = YES;
				GCC_WARN_ABOUT_RETURN_TYPE = YES_ERROR;
				GCC_WARN_UNDECLARED_SELECTOR = YES;
				GCC_WARN_UNINITIALIZED_AUTOS = YES_AGGRESSIVE;
				GCC_WARN_UNUSED_FUNCTION = YES;
				GCC_WARN_UNUSED_VARIABLE = YES;
				IPHONEOS_DEPLOYMENT_TARGET = 17.0;
				MTL_ENABLE_DEBUG_INFO = INCLUDE_SOURCE;
				MTL_FAST_MATH = YES;
				ONLY_ACTIVE_ARCH = YES;
				PRODUCT_NAME = "$(TARGET_NAME)";
				SDKROOT = iphoneos;
				SWIFT_ACTIVE_COMPILATION_CONDITIONS = DEBUG;
				SWIFT_OPTIMIZATION_LEVEL = "-Onone";
				SWIFT_VERSION = 5.0;
			};
			name = Debug;
		};
		6D7762762C09FB6AC6F5E64B /* Debug */ = {
			isa = XCBuildConfiguration;
			buildSettings = {
				BUNDLE_LOADER = "$(TEST_HOST)";
				CODE_SIGN_STYLE = Automatic;
				DEVELOPMENT_TEAM = G5CT2RF98B;
				LD_RUNPATH_SEARCH_PATHS = (
					"$(inherited)",
					"@executable_path/Frameworks",
					"@loader_path/Frameworks",
				);
				PRODUCT_BUNDLE_IDENTIFIER = com.cvboosta.app.tests;
				SDKROOT = iphoneos;
				SWIFT_VERSION = 5.1;
				TARGETED_DEVICE_FAMILY = "1,2";
				TEST_HOST = "$(BUILT_PRODUCTS_DIR)/CVBoostaApp.app/CVBoostaApp";
			};
			name = Debug;
		};
		9D472738CACA50369478E68C /* Debug */ = {
			isa = XCBuildConfiguration;
			buildSettings = {
				CODE_SIGN_STYLE = Automatic;
				DEVELOPMENT_TEAM = G5CT2RF98B;
				INFOPLIST_FILE = CVBoostaWidgetExtension/Info.plist;
				LD_RUNPATH_SEARCH_PATHS = (
					"$(inherited)",
					"@executable_path/Frameworks",
					"@executable_path/../../Frameworks",
				);
				PRODUCT_BUNDLE_IDENTIFIER = com.cvboosta.app.widgets;
				SDKROOT = iphoneos;
				SWIFT_VERSION = 5.1;
				TARGETED_DEVICE_FAMILY = "1,2";
			};
			name = Debug;
		};
		A7C81C34969892B563AF19CD /* Release */ = {
			isa = XCBuildConfiguration;
			buildSettings = {
				ALWAYS_SEARCH_USER_PATHS = NO;
				CLANG_ANALYZER_NONNULL = YES;
				CLANG_ANALYZER_NUMBER_OBJECT_CONVERSION = YES_AGGRESSIVE;
				CLANG_CXX_LANGUAGE_STANDARD = "gnu++14";
				CLANG_CXX_LIBRARY = "libc++";
				CLANG_ENABLE_MODULES = YES;
				CLANG_ENABLE_OBJC_ARC = YES;
				CLANG_ENABLE_OBJC_WEAK = YES;
				CLANG_WARN_BLOCK_CAPTURE_AUTORELEASING = YES;
				CLANG_WARN_BOOL_CONVERSION = YES;
				CLANG_WARN_COMMA = YES;
				CLANG_WARN_CONSTANT_CONVERSION = YES;
				CLANG_WARN_DEPRECATED_OBJC_IMPLEMENTATIONS = YES;
				CLANG_WARN_DIRECT_OBJC_ISA_USAGE = YES_ERROR;
				CLANG_WARN_DOCUMENTATION_COMMENTS = YES;
				CLANG_WARN_EMPTY_BODY = YES;
				CLANG_WARN_ENUM_CONVERSION = YES;
				CLANG_WARN_INFINITE_RECURSION = YES;
				CLANG_WARN_INT_CONVERSION = YES;
				CLANG_WARN_NON_LITERAL_NULL_CONVERSION = YES;
				CLANG_WARN_OBJC_IMPLICIT_RETAIN_SELF = YES;
				CLANG_WARN_OBJC_LITERAL_CONVERSION = YES;
				CLANG_WARN_OBJC_ROOT_CLASS = YES_ERROR;
				CLANG_WARN_QUOTED_INCLUDE_IN_FRAMEWORK_HEADER = YES;
				CLANG_WARN_RANGE_LOOP_ANALYSIS = YES;
				CLANG_WARN_STRICT_PROTOTYPES = YES;
				CLANG_WARN_SUSPICIOUS_MOVE = YES;
				CLANG_WARN_UNGUARDED_AVAILABILITY = YES_AGGRESSIVE;
				CLANG_WARN_UNREACHABLE_CODE = YES;
				CLANG_WARN__DUPLICATE_METHOD_MATCH = YES;
				COPY_PHASE_STRIP = NO;
				DEBUG_INFORMATION_FORMAT = "dwarf-with-dsym";
				ENABLE_NS_ASSERTIONS = NO;
				ENABLE_STRICT_OBJC_MSGSEND = YES;
				GCC_C_LANGUAGE_STANDARD = gnu11;
				GCC_NO_COMMON_BLOCKS = YES;
				GCC_WARN_64_TO_32_BIT_CONVERSION = YES;
				GCC_WARN_ABOUT_RETURN_TYPE = YES_ERROR;
				GCC_WARN_UNDECLARED_SELECTOR = YES;
				GCC_WARN_UNINITIALIZED_AUTOS = YES_AGGRESSIVE;
				GCC_WARN_UNUSED_FUNCTION = YES;
				GCC_WARN_UNUSED_VARIABLE = YES;
				IPHONEOS_DEPLOYMENT_TARGET = 17.0;
				MTL_ENABLE_DEBUG_INFO = NO;
				MTL_FAST_MATH = YES;
				PRODUCT_NAME = "$(TARGET_NAME)";
				SDKROOT = iphoneos;
				SWIFT_COMPILATION_MODE = wholemodule;
				SWIFT_OPTIMIZATION_LEVEL = "-O";
				SWIFT_VERSION = 5.0;
			};
			name = Release;
		};
		B2E650498A9CE2AE16668C33 /* Release */ = {
			isa = XCBuildConfiguration;
			buildSettings = {
				ASSETCATALOG_COMPILER_APPICON_NAME = AppIcon;
				CODE_SIGN_IDENTITY = "iPhone Developer";
				CODE_SIGN_STYLE = Automatic;
				DEVELOPMENT_TEAM = G5CT2RF98B;
				INFOPLIST_FILE = CVBoostaApp/Info.plist;
				LD_RUNPATH_SEARCH_PATHS = (
					"$(inherited)",
					"@executable_path/Frameworks",
				);
				PRODUCT_BUNDLE_IDENTIFIER = com.cvboosta.app;
				SDKROOT = iphoneos;
				SWIFT_VERSION = 5.1;
				TARGETED_DEVICE_FAMILY = "1,2";
			};
			name = Release;
		};
		BA7578E25053F9FF83E6FDB4 /* Debug */ = {
			isa = XCBuildConfiguration;
			buildSettings = {
				ASSETCATALOG_COMPILER_APPICON_NAME = AppIcon;
				CODE_SIGN_IDENTITY = "iPhone Developer";
				CODE_SIGN_STYLE = Automatic;
				DEVELOPMENT_TEAM = G5CT2RF98B;
				INFOPLIST_FILE = CVBoostaApp/Info.plist;
				LD_RUNPATH_SEARCH_PATHS = (
					"$(inherited)",
					"@executable_path/Frameworks",
				);
				PRODUCT_BUNDLE_IDENTIFIER = com.cvboosta.app;
				SDKROOT = iphoneos;
				SWIFT_VERSION = 5.1;
				TARGETED_DEVICE_FAMILY = "1,2";
			};
			name = Debug;
		};
		C6D64F2368304E07ACD2460B /* Release */ = {
			isa = XCBuildConfiguration;
			buildSettings = {
				BUNDLE_LOADER = "$(TEST_HOST)";
				CODE_SIGN_STYLE = Automatic;
				DEVELOPMENT_TEAM = G5CT2RF98B;
				LD_RUNPATH_SEARCH_PATHS = (
					"$(inherited)",
					"@executable_path/Frameworks",
					"@loader_path/Frameworks",
				);
				PRODUCT_BUNDLE_IDENTIFIER = com.cvboosta.app.tests;
				SDKROOT = iphoneos;
				SWIFT_VERSION = 5.1;
				TARGETED_DEVICE_FAMILY = "1,2";
				TEST_HOST = "$(BUILT_PRODUCTS_DIR)/CVBoostaApp.app/CVBoostaApp";
			};
			name = Release;
		};
		F5ADE064DD63DF5713A9517E /* Release */ = {
			isa = XCBuildConfiguration;
			buildSettings = {
				CODE_SIGN_STYLE = Automatic;
				DEVELOPMENT_TEAM = G5CT2RF98B;
				INFOPLIST_FILE = CVBoostaWidgetExtension/Info.plist;
				LD_RUNPATH_SEARCH_PATHS = (
					"$(inherited)",
					"@executable_path/Frameworks",
					"@executable_path/../../Frameworks",
				);
				PRODUCT_BUNDLE_IDENTIFIER = com.cvboosta.app.widgets;
				SDKROOT = iphoneos;
				SWIFT_VERSION = 5.1;
				TARGETED_DEVICE_FAMILY = "1,2";
			};
			name = Release;
		};
/* End XCBuildConfiguration section */

/* Begin XCConfigurationList section */
		1A69F092BC9E0B1E91643435 /* Build configuration list for PBXNativeTarget "CVBoostaAppTests" */ = {
			isa = XCConfigurationList;
			buildConfigurations = (
				6D7762762C09FB6AC6F5E64B /* Debug */,
				C6D64F2368304E07ACD2460B /* Release */,
			);
			defaultConfigurationIsVisible = 0;
			defaultConfigurationName = Debug;
		};
		1CEC77C3A108597F0E85AD4A /* Build configuration list for PBXNativeTarget "CVBoostaApp" */ = {
			isa = XCConfigurationList;
			buildConfigurations = (
				BA7578E25053F9FF83E6FDB4 /* Debug */,
				B2E650498A9CE2AE16668C33 /* Release */,
			);
			defaultConfigurationIsVisible = 0;
			defaultConfigurationName = Debug;
		};
		377E260704EB293CBD0D2F43 /* Build configuration list for PBXProject "CVBoosta" */ = {
			isa = XCConfigurationList;
			buildConfigurations = (
				1A458E2561D7610A5679DFB7 /* Debug */,
				A7C81C34969892B563AF19CD /* Release */,
			);
			defaultConfigurationIsVisible = 0;
			defaultConfigurationName = Debug;
		};
		C990C7F7193E64807211D2AF /* Build configuration list for PBXNativeTarget "CVBoostaWidgetExtension" */ = {
			isa = XCConfigurationList;
			buildConfigurations = (
				9D472738CACA50369478E68C /* Debug */,
				F5ADE064DD63DF5713A9517E /* Release */,
			);
			defaultConfigurationIsVisible = 0;
			defaultConfigurationName = Debug;
		};
/* End XCConfigurationList section */
	};
	rootObject = 5AB1307634C2BDF6DCE5A023 /* Project object */;
}
